// !$*UTF8*$!
{
	archiveVersion = 1;
	classes = {
	};
	objectVersion = 56;
	objects = {

/* Begin PBXBuildFile section */
		18850CD72B4EE16100C6C93B /* NYTimesApp.swift in Sources */ = {isa = PBXBuildFile; fileRef = 18850CD62B4EE16100C6C93B /* NYTimesApp.swift */; };
		18850CD92B4EE16100C6C93B /* NYTimesAppView.swift in Sources */ = {isa = PBXBuildFile; fileRef = 18850CD82B4EE16100C6C93B /* NYTimesAppView.swift */; };
		18850CDB2B4EE16300C6C93B /* Assets.xcassets in Resources */ = {isa = PBXBuildFile; fileRef = 18850CDA2B4EE16300C6C93B /* Assets.xcassets */; };
		18850CDE2B4EE16300C6C93B /* Preview Assets.xcassets in Resources */ = {isa = PBXBuildFile; fileRef = 18850CDD2B4EE16300C6C93B /* Preview Assets.xcassets */; };
		18850CF22B4EE16300C6C93B /* NYTimesUITests.swift in Sources */ = {isa = PBXBuildFile; fileRef = 18850CF12B4EE16300C6C93B /* NYTimesUITests.swift */; };
		18850CF42B4EE16300C6C93B /* NYTimesUITestsLaunchTests.swift in Sources */ = {isa = PBXBuildFile; fileRef = 18850CF32B4EE16300C6C93B /* NYTimesUITestsLaunchTests.swift */; };
		18850D022B4EE32C00C6C93B /* Debugger in Frameworks */ = {isa = PBXBuildFile; productRef = 18850D012B4EE32C00C6C93B /* Debugger */; };
		18850D042B4EE32C00C6C93B /* DebuggerUI in Frameworks */ = {isa = PBXBuildFile; productRef = 18850D032B4EE32C00C6C93B /* DebuggerUI */; };
		18850D062B4EE32C00C6C93B /* Network in Frameworks */ = {isa = PBXBuildFile; productRef = 18850D052B4EE32C00C6C93B /* Network */; };
		18850D082B4EE32C00C6C93B /* core_architecture in Frameworks */ = {isa = PBXBuildFile; productRef = 18850D072B4EE32C00C6C93B /* core_architecture */; };
		18850D0D2B4EE35D00C6C93B /* NYTimesService.swift in Sources */ = {isa = PBXBuildFile; fileRef = 18850D0C2B4EE35D00C6C93B /* NYTimesService.swift */; };
		18850D102B4EE3B600C6C93B /* NYTimesDM.swift in Sources */ = {isa = PBXBuildFile; fileRef = 18850D0F2B4EE3B600C6C93B /* NYTimesDM.swift */; };
		18850D142B4EE90B00C6C93B /* NYTimesEndpoint.swift in Sources */ = {isa = PBXBuildFile; fileRef = 18850D132B4EE90B00C6C93B /* NYTimesEndpoint.swift */; };
		18850D172B4EEA1F00C6C93B /* Environments.swift in Sources */ = {isa = PBXBuildFile; fileRef = 18850D162B4EEA1F00C6C93B /* Environments.swift */; };
		18850D1B2B4EEADF00C6C93B /* NYTimesHost.swift in Sources */ = {isa = PBXBuildFile; fileRef = 18850D1A2B4EEADF00C6C93B /* NYTimesHost.swift */; };
		18850D1E2B4EEB7400C6C93B /* NYTimesConfiguration.swift in Sources */ = {isa = PBXBuildFile; fileRef = 18850D1D2B4EEB7400C6C93B /* NYTimesConfiguration.swift */; };
		18850D202B4EF24100C6C93B /* NYTListViewModeling.swift in Sources */ = {isa = PBXBuildFile; fileRef = 18850D1F2B4EF24100C6C93B /* NYTListViewModeling.swift */; };
		18850D222B4EF24900C6C93B /* NYTDetailViewModeling.swift in Sources */ = {isa = PBXBuildFile; fileRef = 18850D212B4EF24900C6C93B /* NYTDetailViewModeling.swift */; };
		18850D272B4EF35E00C6C93B /* NYTimesDataSources.swift in Sources */ = {isa = PBXBuildFile; fileRef = 18850D262B4EF35E00C6C93B /* NYTimesDataSources.swift */; };
		18850D2B2B4EF49B00C6C93B /* NYTListView.swift in Sources */ = {isa = PBXBuildFile; fileRef = 18850D2A2B4EF49B00C6C93B /* NYTListView.swift */; };
		18850D2D2B4EF4A500C6C93B /* NYTModule.swift in Sources */ = {isa = PBXBuildFile; fileRef = 18850D2C2B4EF4A500C6C93B /* NYTModule.swift */; };
		18850D2F2B4EF4AE00C6C93B /* NYTListViewModel.swift in Sources */ = {isa = PBXBuildFile; fileRef = 18850D2E2B4EF4AE00C6C93B /* NYTListViewModel.swift */; };
		18850D362B4EF7A200C6C93B /* DetailView.swift in Sources */ = {isa = PBXBuildFile; fileRef = 18850D352B4EF7A200C6C93B /* DetailView.swift */; };
		18850D392B4EF91700C6C93B /* ViewFactory.swift in Sources */ = {isa = PBXBuildFile; fileRef = 18850D382B4EF91700C6C93B /* ViewFactory.swift */; };
		18850D3B2B4EFA3D00C6C93B /* Dependencies.swift in Sources */ = {isa = PBXBuildFile; fileRef = 18850D3A2B4EFA3D00C6C93B /* Dependencies.swift */; };
		18850D3D2B4EFABE00C6C93B /* NYTDetailViewModel.swift in Sources */ = {isa = PBXBuildFile; fileRef = 18850D3C2B4EFABE00C6C93B /* NYTDetailViewModel.swift */; };
		18850D3F2B4F5D4500C6C93B /* NYTimesUIM.swift in Sources */ = {isa = PBXBuildFile; fileRef = 18850D3E2B4F5D4500C6C93B /* NYTimesUIM.swift */; };
		18850D442B4F654900C6C93B /* RemoteImageView.swift in Sources */ = {isa = PBXBuildFile; fileRef = 18850D422B4F654900C6C93B /* RemoteImageView.swift */; };
		18850D452B4F654900C6C93B /* RemoteImageViewModel.swift in Sources */ = {isa = PBXBuildFile; fileRef = 18850D432B4F654900C6C93B /* RemoteImageViewModel.swift */; };
		18850D472B4F665100C6C93B /* NYTimesImageService.swift in Sources */ = {isa = PBXBuildFile; fileRef = 18850D462B4F665100C6C93B /* NYTimesImageService.swift */; };
		18850D492B4F668B00C6C93B /* NYTimesImageDataSource.swift in Sources */ = {isa = PBXBuildFile; fileRef = 18850D482B4F668B00C6C93B /* NYTimesImageDataSource.swift */; };
		18850D4B2B4F674400C6C93B /* AssetsEndpoint.swift in Sources */ = {isa = PBXBuildFile; fileRef = 18850D4A2B4F674400C6C93B /* AssetsEndpoint.swift */; };
		18850D4F2B4F67C700C6C93B /* Internet.swift in Sources */ = {isa = PBXBuildFile; fileRef = 18850D4E2B4F67C700C6C93B /* Internet.swift */; };
		18850D522B4F68E800C6C93B /* AnimatedView.swift in Sources */ = {isa = PBXBuildFile; fileRef = 18850D512B4F68E800C6C93B /* AnimatedView.swift */; };
		18850D552B4F691700C6C93B /* Lottie in Frameworks */ = {isa = PBXBuildFile; productRef = 18850D542B4F691700C6C93B /* Lottie */; };
		18850D592B4F69E100C6C93B /* loading.json in Resources */ = {isa = PBXBuildFile; fileRef = 18850D582B4F69E100C6C93B /* loading.json */; };
		18850D5B2B4F6C6F00C6C93B /* Lotties.swift in Sources */ = {isa = PBXBuildFile; fileRef = 18850D5A2B4F6C6F00C6C93B /* Lotties.swift */; };
		18850D5E2B5075D900C6C93B /* Mocks.swift in Sources */ = {isa = PBXBuildFile; fileRef = 18850D5D2B5075D900C6C93B /* Mocks.swift */; };
		18850D612B50761100C6C93B /* NYTListViewModelMock.swift in Sources */ = {isa = PBXBuildFile; fileRef = 18850D602B50761100C6C93B /* NYTListViewModelMock.swift */; };
		18850D632B50761E00C6C93B /* NYTDetailViewModelMock.swift in Sources */ = {isa = PBXBuildFile; fileRef = 18850D622B50761E00C6C93B /* NYTDetailViewModelMock.swift */; };
		18850D662B50763200C6C93B /* NYTDataSourceMock.swift in Sources */ = {isa = PBXBuildFile; fileRef = 18850D652B50763200C6C93B /* NYTDataSourceMock.swift */; };
		18850D682B50768E00C6C93B /* NYTImageDataSourceMock.swift in Sources */ = {isa = PBXBuildFile; fileRef = 18850D672B50768E00C6C93B /* NYTImageDataSourceMock.swift */; };
		18850D6A2B507B9200C6C93B /* NYTimesListViewModelTests.swift in Sources */ = {isa = PBXBuildFile; fileRef = 18850D692B507B9200C6C93B /* NYTimesListViewModelTests.swift */; };
		18850D6C2B507D3100C6C93B /* NYTBaseTests.swift in Sources */ = {isa = PBXBuildFile; fileRef = 18850D6B2B507D3100C6C93B /* NYTBaseTests.swift */; };
		18850D6E2B50800C00C6C93B /* NYTimesDM+Preview.swift in Sources */ = {isa = PBXBuildFile; fileRef = 18850D6D2B50800C00C6C93B /* NYTimesDM+Preview.swift */; };
		18850D722B50973500C6C93B /* Previewer.swift in Sources */ = {isa = PBXBuildFile; fileRef = 18850D712B50973500C6C93B /* Previewer.swift */; };
		18850D792B5097ED00C6C93B /* NYTArticleView.swift in Sources */ = {isa = PBXBuildFile; fileRef = 18850D782B5097ED00C6C93B /* NYTArticleView.swift */; };
		18850D7B2B509E9400C6C93B /* InformationRow.swift in Sources */ = {isa = PBXBuildFile; fileRef = 18850D7A2B509E9400C6C93B /* InformationRow.swift */; };
		18850D7D2B509E9A00C6C93B /* MediaView.swift in Sources */ = {isa = PBXBuildFile; fileRef = 18850D7C2B509E9A00C6C93B /* MediaView.swift */; };
		18850D7F2B509EA100C6C93B /* MediaMetaDataView.swift in Sources */ = {isa = PBXBuildFile; fileRef = 18850D7E2B509EA100C6C93B /* MediaMetaDataView.swift */; };
		18850D822B509EF700C6C93B /* ArticleDetailView.swift in Sources */ = {isa = PBXBuildFile; fileRef = 18850D812B509EF700C6C93B /* ArticleDetailView.swift */; };
		18850D852B50A0CA00C6C93B /* AppSnapshotTests.swift in Sources */ = {isa = PBXBuildFile; fileRef = 18850D842B50A0CA00C6C93B /* AppSnapshotTests.swift */; };
		18850D872B50A0D400C6C93B /* ListSnapshotTests.swift in Sources */ = {isa = PBXBuildFile; fileRef = 18850D862B50A0D400C6C93B /* ListSnapshotTests.swift */; };
		18850D892B50A0E100C6C93B /* DetailSnapshotTests.swift in Sources */ = {isa = PBXBuildFile; fileRef = 18850D882B50A0E100C6C93B /* DetailSnapshotTests.swift */; };
		18850D8B2B50A0EA00C6C93B /* ArticleSnapshotTests.swift in Sources */ = {isa = PBXBuildFile; fileRef = 18850D8A2B50A0EA00C6C93B /* ArticleSnapshotTests.swift */; };
		18850D8D2B50A10100C6C93B /* ArticleDetailSnapshotTests.swift in Sources */ = {isa = PBXBuildFile; fileRef = 18850D8C2B50A10100C6C93B /* ArticleDetailSnapshotTests.swift */; };
		18850D8F2B50A10A00C6C93B /* MediaSnapshotTests.swift in Sources */ = {isa = PBXBuildFile; fileRef = 18850D8E2B50A10A00C6C93B /* MediaSnapshotTests.swift */; };
		18850D912B50A11A00C6C93B /* MediaMetadataSnapshotTests.swift in Sources */ = {isa = PBXBuildFile; fileRef = 18850D902B50A11A00C6C93B /* MediaMetadataSnapshotTests.swift */; };
		18850D942B50A1A300C6C93B /* InlineSnapshotTesting in Frameworks */ = {isa = PBXBuildFile; productRef = 18850D932B50A1A300C6C93B /* InlineSnapshotTesting */; };
		18850D962B50A1A300C6C93B /* SnapshotTesting in Frameworks */ = {isa = PBXBuildFile; productRef = 18850D952B50A1A300C6C93B /* SnapshotTesting */; };
		18850D982B50A25600C6C93B /* Previewer+Snapshots.swift in Sources */ = {isa = PBXBuildFile; fileRef = 18850D972B50A25600C6C93B /* Previewer+Snapshots.swift */; };
		18850DAC2B50A97900C6C93B /* testSnapshots.Preview.png in Resources */ = {isa = PBXBuildFile; fileRef = 18850D9B2B50A97900C6C93B /* testSnapshots.Preview.png */; };
		18850DAD2B50A97900C6C93B /* testSnapshots.Preview.png in Resources */ = {isa = PBXBuildFile; fileRef = 18850D9D2B50A97900C6C93B /* testSnapshots.Preview.png */; };
		18850DAE2B50A97900C6C93B /* testSnapshots.Preview.png in Resources */ = {isa = PBXBuildFile; fileRef = 18850D9F2B50A97900C6C93B /* testSnapshots.Preview.png */; };
		18850DAF2B50A97900C6C93B /* testSnapshots.Preview-App-with-Article.png in Resources */ = {isa = PBXBuildFile; fileRef = 18850DA12B50A97900C6C93B /* testSnapshots.Preview-App-with-Article.png */; };
		18850DB02B50A97900C6C93B /* testSnapshots.Preview-App-while-Loading.png in Resources */ = {isa = PBXBuildFile; fileRef = 18850DA22B50A97900C6C93B /* testSnapshots.Preview-App-while-Loading.png */; };
		18850DB12B50A97900C6C93B /* testSnapshots.Preview-App-with-Error.png in Resources */ = {isa = PBXBuildFile; fileRef = 18850DA32B50A97900C6C93B /* testSnapshots.Preview-App-with-Error.png */; };
		18850DB22B50A97900C6C93B /* testSnapshots.Preview.png in Resources */ = {isa = PBXBuildFile; fileRef = 18850DA52B50A97900C6C93B /* testSnapshots.Preview.png */; };
		18850DB32B50A97900C6C93B /* testSnapshots.Preview-Error.png in Resources */ = {isa = PBXBuildFile; fileRef = 18850DA72B50A97900C6C93B /* testSnapshots.Preview-Error.png */; };
		18850DB42B50A97900C6C93B /* testSnapshots.Preview-Loading.png in Resources */ = {isa = PBXBuildFile; fileRef = 18850DA82B50A97900C6C93B /* testSnapshots.Preview-Loading.png */; };
		18850DB52B50A97900C6C93B /* testSnapshots.Preview-Article.png in Resources */ = {isa = PBXBuildFile; fileRef = 18850DA92B50A97900C6C93B /* testSnapshots.Preview-Article.png */; };
		18850DB62B50A97900C6C93B /* testSnapshots.Preview.png in Resources */ = {isa = PBXBuildFile; fileRef = 18850DAB2B50A97900C6C93B /* testSnapshots.Preview.png */; };
/* End PBXBuildFile section */

/* Begin PBXContainerItemProxy section */
		18850CE42B4EE16300C6C93B /* PBXContainerItemProxy */ = {
			isa = PBXContainerItemProxy;
			containerPortal = 18850CCB2B4EE16100C6C93B /* Project object */;
			proxyType = 1;
			remoteGlobalIDString = 18850CD22B4EE16100C6C93B;
			remoteInfo = NYTimes;
		};
		18850CEE2B4EE16300C6C93B /* PBXContainerItemProxy */ = {
			isa = PBXContainerItemProxy;
			containerPortal = 18850CCB2B4EE16100C6C93B /* Project object */;
			proxyType = 1;
			remoteGlobalIDString = 18850CD22B4EE16100C6C93B;
			remoteInfo = NYTimes;
		};
/* End PBXContainerItemProxy section */

/* Begin PBXFileReference section */
		18850CD32B4EE16100C6C93B /* NYTimes.app */ = {isa = PBXFileReference; explicitFileType = wrapper.application; includeInIndex = 0; path = NYTimes.app; sourceTree = BUILT_PRODUCTS_DIR; };
		18850CD62B4EE16100C6C93B /* NYTimesApp.swift */ = {isa = PBXFileReference; lastKnownFileType = sourcecode.swift; path = NYTimesApp.swift; sourceTree = "<group>"; };
		18850CD82B4EE16100C6C93B /* NYTimesAppView.swift */ = {isa = PBXFileReference; lastKnownFileType = sourcecode.swift; path = NYTimesAppView.swift; sourceTree = "<group>"; };
		18850CDA2B4EE16300C6C93B /* Assets.xcassets */ = {isa = PBXFileReference; lastKnownFileType = folder.assetcatalog; path = Assets.xcassets; sourceTree = "<group>"; };
		18850CDD2B4EE16300C6C93B /* Preview Assets.xcassets */ = {isa = PBXFileReference; lastKnownFileType = folder.assetcatalog; path = "Preview Assets.xcassets"; sourceTree = "<group>"; };
		18850CE32B4EE16300C6C93B /* NYTimesTests.xctest */ = {isa = PBXFileReference; explicitFileType = wrapper.cfbundle; includeInIndex = 0; path = NYTimesTests.xctest; sourceTree = BUILT_PRODUCTS_DIR; };
		18850CED2B4EE16300C6C93B /* NYTimesUITests.xctest */ = {isa = PBXFileReference; explicitFileType = wrapper.cfbundle; includeInIndex = 0; path = NYTimesUITests.xctest; sourceTree = BUILT_PRODUCTS_DIR; };
		18850CF12B4EE16300C6C93B /* NYTimesUITests.swift */ = {isa = PBXFileReference; lastKnownFileType = sourcecode.swift; path = NYTimesUITests.swift; sourceTree = "<group>"; };
		18850CF32B4EE16300C6C93B /* NYTimesUITestsLaunchTests.swift */ = {isa = PBXFileReference; lastKnownFileType = sourcecode.swift; path = NYTimesUITestsLaunchTests.swift; sourceTree = "<group>"; };
		18850D0C2B4EE35D00C6C93B /* NYTimesService.swift */ = {isa = PBXFileReference; lastKnownFileType = sourcecode.swift; path = NYTimesService.swift; sourceTree = "<group>"; };
		18850D0F2B4EE3B600C6C93B /* NYTimesDM.swift */ = {isa = PBXFileReference; lastKnownFileType = sourcecode.swift; path = NYTimesDM.swift; sourceTree = "<group>"; };
		18850D132B4EE90B00C6C93B /* NYTimesEndpoint.swift */ = {isa = PBXFileReference; lastKnownFileType = sourcecode.swift; path = NYTimesEndpoint.swift; sourceTree = "<group>"; };
		18850D162B4EEA1F00C6C93B /* Environments.swift */ = {isa = PBXFileReference; lastKnownFileType = sourcecode.swift; path = Environments.swift; sourceTree = "<group>"; };
		18850D1A2B4EEADF00C6C93B /* NYTimesHost.swift */ = {isa = PBXFileReference; lastKnownFileType = sourcecode.swift; path = NYTimesHost.swift; sourceTree = "<group>"; };
		18850D1D2B4EEB7400C6C93B /* NYTimesConfiguration.swift */ = {isa = PBXFileReference; lastKnownFileType = sourcecode.swift; path = NYTimesConfiguration.swift; sourceTree = "<group>"; };
		18850D1F2B4EF24100C6C93B /* NYTListViewModeling.swift */ = {isa = PBXFileReference; lastKnownFileType = sourcecode.swift; path = NYTListViewModeling.swift; sourceTree = "<group>"; };
		18850D212B4EF24900C6C93B /* NYTDetailViewModeling.swift */ = {isa = PBXFileReference; lastKnownFileType = sourcecode.swift; path = NYTDetailViewModeling.swift; sourceTree = "<group>"; };
		18850D262B4EF35E00C6C93B /* NYTimesDataSources.swift */ = {isa = PBXFileReference; lastKnownFileType = sourcecode.swift; path = NYTimesDataSources.swift; sourceTree = "<group>"; };
		18850D2A2B4EF49B00C6C93B /* NYTListView.swift */ = {isa = PBXFileReference; lastKnownFileType = sourcecode.swift; path = NYTListView.swift; sourceTree = "<group>"; };
		18850D2C2B4EF4A500C6C93B /* NYTModule.swift */ = {isa = PBXFileReference; lastKnownFileType = sourcecode.swift; path = NYTModule.swift; sourceTree = "<group>"; };
		18850D2E2B4EF4AE00C6C93B /* NYTListViewModel.swift */ = {isa = PBXFileReference; lastKnownFileType = sourcecode.swift; path = NYTListViewModel.swift; sourceTree = "<group>"; };
		18850D352B4EF7A200C6C93B /* DetailView.swift */ = {isa = PBXFileReference; lastKnownFileType = sourcecode.swift; path = DetailView.swift; sourceTree = "<group>"; };
		18850D382B4EF91700C6C93B /* ViewFactory.swift */ = {isa = PBXFileReference; lastKnownFileType = sourcecode.swift; path = ViewFactory.swift; sourceTree = "<group>"; };
		18850D3A2B4EFA3D00C6C93B /* Dependencies.swift */ = {isa = PBXFileReference; lastKnownFileType = sourcecode.swift; path = Dependencies.swift; sourceTree = "<group>"; };
		18850D3C2B4EFABE00C6C93B /* NYTDetailViewModel.swift */ = {isa = PBXFileReference; lastKnownFileType = sourcecode.swift; path = NYTDetailViewModel.swift; sourceTree = "<group>"; };
		18850D3E2B4F5D4500C6C93B /* NYTimesUIM.swift */ = {isa = PBXFileReference; lastKnownFileType = sourcecode.swift; path = NYTimesUIM.swift; sourceTree = "<group>"; };
		18850D422B4F654900C6C93B /* RemoteImageView.swift */ = {isa = PBXFileReference; fileEncoding = 4; lastKnownFileType = sourcecode.swift; path = RemoteImageView.swift; sourceTree = "<group>"; };
		18850D432B4F654900C6C93B /* RemoteImageViewModel.swift */ = {isa = PBXFileReference; fileEncoding = 4; lastKnownFileType = sourcecode.swift; path = RemoteImageViewModel.swift; sourceTree = "<group>"; };
		18850D462B4F665100C6C93B /* NYTimesImageService.swift */ = {isa = PBXFileReference; lastKnownFileType = sourcecode.swift; path = NYTimesImageService.swift; sourceTree = "<group>"; };
		18850D482B4F668B00C6C93B /* NYTimesImageDataSource.swift */ = {isa = PBXFileReference; lastKnownFileType = sourcecode.swift; path = NYTimesImageDataSource.swift; sourceTree = "<group>"; };
		18850D4A2B4F674400C6C93B /* AssetsEndpoint.swift */ = {isa = PBXFileReference; lastKnownFileType = sourcecode.swift; path = AssetsEndpoint.swift; sourceTree = "<group>"; };
		18850D4E2B4F67C700C6C93B /* Internet.swift */ = {isa = PBXFileReference; lastKnownFileType = sourcecode.swift; path = Internet.swift; sourceTree = "<group>"; };
		18850D512B4F68E800C6C93B /* AnimatedView.swift */ = {isa = PBXFileReference; lastKnownFileType = sourcecode.swift; path = AnimatedView.swift; sourceTree = "<group>"; };
		18850D582B4F69E100C6C93B /* loading.json */ = {isa = PBXFileReference; lastKnownFileType = text.json; path = loading.json; sourceTree = "<group>"; };
		18850D5A2B4F6C6F00C6C93B /* Lotties.swift */ = {isa = PBXFileReference; lastKnownFileType = sourcecode.swift; path = Lotties.swift; sourceTree = "<group>"; };
		18850D5D2B5075D900C6C93B /* Mocks.swift */ = {isa = PBXFileReference; lastKnownFileType = sourcecode.swift; path = Mocks.swift; sourceTree = "<group>"; };
		18850D602B50761100C6C93B /* NYTListViewModelMock.swift */ = {isa = PBXFileReference; lastKnownFileType = sourcecode.swift; path = NYTListViewModelMock.swift; sourceTree = "<group>"; };
		18850D622B50761E00C6C93B /* NYTDetailViewModelMock.swift */ = {isa = PBXFileReference; lastKnownFileType = sourcecode.swift; path = NYTDetailViewModelMock.swift; sourceTree = "<group>"; };
		18850D652B50763200C6C93B /* NYTDataSourceMock.swift */ = {isa = PBXFileReference; lastKnownFileType = sourcecode.swift; path = NYTDataSourceMock.swift; sourceTree = "<group>"; };
		18850D672B50768E00C6C93B /* NYTImageDataSourceMock.swift */ = {isa = PBXFileReference; lastKnownFileType = sourcecode.swift; path = NYTImageDataSourceMock.swift; sourceTree = "<group>"; };
		18850D692B507B9200C6C93B /* NYTimesListViewModelTests.swift */ = {isa = PBXFileReference; lastKnownFileType = sourcecode.swift; path = NYTimesListViewModelTests.swift; sourceTree = "<group>"; };
		18850D6B2B507D3100C6C93B /* NYTBaseTests.swift */ = {isa = PBXFileReference; lastKnownFileType = sourcecode.swift; path = NYTBaseTests.swift; sourceTree = "<group>"; };
		18850D6D2B50800C00C6C93B /* NYTimesDM+Preview.swift */ = {isa = PBXFileReference; lastKnownFileType = sourcecode.swift; path = "NYTimesDM+Preview.swift"; sourceTree = "<group>"; };
		18850D712B50973500C6C93B /* Previewer.swift */ = {isa = PBXFileReference; lastKnownFileType = sourcecode.swift; path = Previewer.swift; sourceTree = "<group>"; };
		18850D782B5097ED00C6C93B /* NYTArticleView.swift */ = {isa = PBXFileReference; lastKnownFileType = sourcecode.swift; path = NYTArticleView.swift; sourceTree = "<group>"; };
		18850D7A2B509E9400C6C93B /* InformationRow.swift */ = {isa = PBXFileReference; lastKnownFileType = sourcecode.swift; path = InformationRow.swift; sourceTree = "<group>"; };
		18850D7C2B509E9A00C6C93B /* MediaView.swift */ = {isa = PBXFileReference; lastKnownFileType = sourcecode.swift; path = MediaView.swift; sourceTree = "<group>"; };
		18850D7E2B509EA100C6C93B /* MediaMetaDataView.swift */ = {isa = PBXFileReference; lastKnownFileType = sourcecode.swift; path = MediaMetaDataView.swift; sourceTree = "<group>"; };
		18850D812B509EF700C6C93B /* ArticleDetailView.swift */ = {isa = PBXFileReference; lastKnownFileType = sourcecode.swift; path = ArticleDetailView.swift; sourceTree = "<group>"; };
		18850D842B50A0CA00C6C93B /* AppSnapshotTests.swift */ = {isa = PBXFileReference; lastKnownFileType = sourcecode.swift; path = AppSnapshotTests.swift; sourceTree = "<group>"; };
		18850D862B50A0D400C6C93B /* ListSnapshotTests.swift */ = {isa = PBXFileReference; lastKnownFileType = sourcecode.swift; path = ListSnapshotTests.swift; sourceTree = "<group>"; };
		18850D882B50A0E100C6C93B /* DetailSnapshotTests.swift */ = {isa = PBXFileReference; lastKnownFileType = sourcecode.swift; path = DetailSnapshotTests.swift; sourceTree = "<group>"; };
		18850D8A2B50A0EA00C6C93B /* ArticleSnapshotTests.swift */ = {isa = PBXFileReference; lastKnownFileType = sourcecode.swift; path = ArticleSnapshotTests.swift; sourceTree = "<group>"; };
		18850D8C2B50A10100C6C93B /* ArticleDetailSnapshotTests.swift */ = {isa = PBXFileReference; lastKnownFileType = sourcecode.swift; path = ArticleDetailSnapshotTests.swift; sourceTree = "<group>"; };
		18850D8E2B50A10A00C6C93B /* MediaSnapshotTests.swift */ = {isa = PBXFileReference; lastKnownFileType = sourcecode.swift; path = MediaSnapshotTests.swift; sourceTree = "<group>"; };
		18850D902B50A11A00C6C93B /* MediaMetadataSnapshotTests.swift */ = {isa = PBXFileReference; lastKnownFileType = sourcecode.swift; path = MediaMetadataSnapshotTests.swift; sourceTree = "<group>"; };
		18850D972B50A25600C6C93B /* Previewer+Snapshots.swift */ = {isa = PBXFileReference; lastKnownFileType = sourcecode.swift; path = "Previewer+Snapshots.swift"; sourceTree = "<group>"; };
		18850D9B2B50A97900C6C93B /* testSnapshots.Preview.png */ = {isa = PBXFileReference; lastKnownFileType = image.png; path = testSnapshots.Preview.png; sourceTree = "<group>"; };
		18850D9D2B50A97900C6C93B /* testSnapshots.Preview.png */ = {isa = PBXFileReference; lastKnownFileType = image.png; path = testSnapshots.Preview.png; sourceTree = "<group>"; };
		18850D9F2B50A97900C6C93B /* testSnapshots.Preview.png */ = {isa = PBXFileReference; lastKnownFileType = image.png; path = testSnapshots.Preview.png; sourceTree = "<group>"; };
		18850DA12B50A97900C6C93B /* testSnapshots.Preview-App-with-Article.png */ = {isa = PBXFileReference; lastKnownFileType = image.png; path = "testSnapshots.Preview-App-with-Article.png"; sourceTree = "<group>"; };
		18850DA22B50A97900C6C93B /* testSnapshots.Preview-App-while-Loading.png */ = {isa = PBXFileReference; lastKnownFileType = image.png; path = "testSnapshots.Preview-App-while-Loading.png"; sourceTree = "<group>"; };
		18850DA32B50A97900C6C93B /* testSnapshots.Preview-App-with-Error.png */ = {isa = PBXFileReference; lastKnownFileType = image.png; path = "testSnapshots.Preview-App-with-Error.png"; sourceTree = "<group>"; };
		18850DA52B50A97900C6C93B /* testSnapshots.Preview.png */ = {isa = PBXFileReference; lastKnownFileType = image.png; path = testSnapshots.Preview.png; sourceTree = "<group>"; };
		18850DA72B50A97900C6C93B /* testSnapshots.Preview-Error.png */ = {isa = PBXFileReference; lastKnownFileType = image.png; path = "testSnapshots.Preview-Error.png"; sourceTree = "<group>"; };
		18850DA82B50A97900C6C93B /* testSnapshots.Preview-Loading.png */ = {isa = PBXFileReference; lastKnownFileType = image.png; path = "testSnapshots.Preview-Loading.png"; sourceTree = "<group>"; };
		18850DA92B50A97900C6C93B /* testSnapshots.Preview-Article.png */ = {isa = PBXFileReference; lastKnownFileType = image.png; path = "testSnapshots.Preview-Article.png"; sourceTree = "<group>"; };
		18850DAB2B50A97900C6C93B /* testSnapshots.Preview.png */ = {isa = PBXFileReference; lastKnownFileType = image.png; path = testSnapshots.Preview.png; sourceTree = "<group>"; };
/* End PBXFileReference section */

/* Begin PBXFrameworksBuildPhase section */
		18850CD02B4EE16100C6C93B /* Frameworks */ = {
			isa = PBXFrameworksBuildPhase;
			buildActionMask = 2147483647;
			files = (
				18850D552B4F691700C6C93B /* Lottie in Frameworks */,
				18850D082B4EE32C00C6C93B /* core_architecture in Frameworks */,
				18850D062B4EE32C00C6C93B /* Network in Frameworks */,
				18850D022B4EE32C00C6C93B /* Debugger in Frameworks */,
				18850D042B4EE32C00C6C93B /* DebuggerUI in Frameworks */,
			);
			runOnlyForDeploymentPostprocessing = 0;
		};
		18850CE02B4EE16300C6C93B /* Frameworks */ = {
			isa = PBXFrameworksBuildPhase;
			buildActionMask = 2147483647;
			files = (
				18850D942B50A1A300C6C93B /* InlineSnapshotTesting in Frameworks */,
				18850D962B50A1A300C6C93B /* SnapshotTesting in Frameworks */,
			);
			runOnlyForDeploymentPostprocessing = 0;
		};
		18850CEA2B4EE16300C6C93B /* Frameworks */ = {
			isa = PBXFrameworksBuildPhase;
			buildActionMask = 2147483647;
			files = (
			);
			runOnlyForDeploymentPostprocessing = 0;
		};
/* End PBXFrameworksBuildPhase section */

/* Begin PBXGroup section */
		18850CCA2B4EE16100C6C93B = {
			isa = PBXGroup;
			children = (
				18850CD52B4EE16100C6C93B /* NYTimes */,
				18850CE62B4EE16300C6C93B /* NYTimesTests */,
				18850CF02B4EE16300C6C93B /* NYTimesUITests */,
				18850CD42B4EE16100C6C93B /* Products */,
			);
			sourceTree = "<group>";
		};
		18850CD42B4EE16100C6C93B /* Products */ = {
			isa = PBXGroup;
			children = (
				18850CD32B4EE16100C6C93B /* NYTimes.app */,
				18850CE32B4EE16300C6C93B /* NYTimesTests.xctest */,
				18850CED2B4EE16300C6C93B /* NYTimesUITests.xctest */,
			);
			name = Products;
			sourceTree = "<group>";
		};
		18850CD52B4EE16100C6C93B /* NYTimes */ = {
			isa = PBXGroup;
			children = (
				18850CD62B4EE16100C6C93B /* NYTimesApp.swift */,
				18850CD82B4EE16100C6C93B /* NYTimesAppView.swift */,
				18850D4D2B4F67C100C6C93B /* Helpers */,
				18850D402B4F654900C6C93B /* Reusables */,
				18850D232B4EF32C00C6C93B /* Application */,
				18850D092B4EE33600C6C93B /* Core */,
				18850CDA2B4EE16300C6C93B /* Assets.xcassets */,
				18850D562B4F69D000C6C93B /* Resource */,
				18850CDC2B4EE16300C6C93B /* Preview Content */,
			);
			path = NYTimes;
			sourceTree = "<group>";
		};
		18850CDC2B4EE16300C6C93B /* Preview Content */ = {
			isa = PBXGroup;
			children = (
				18850CDD2B4EE16300C6C93B /* Preview Assets.xcassets */,
			);
			path = "Preview Content";
			sourceTree = "<group>";
		};
		18850CE62B4EE16300C6C93B /* NYTimesTests */ = {
			isa = PBXGroup;
			children = (
				18850D832B50A0C000C6C93B /* SnapshotsTests */,
				18850D702B50968700C6C93B /* UnitTests */,
				18850D6F2B50967E00C6C93B /* Base */,
			);
			path = NYTimesTests;
			sourceTree = "<group>";
		};
		18850CF02B4EE16300C6C93B /* NYTimesUITests */ = {
			isa = PBXGroup;
			children = (
				18850CF12B4EE16300C6C93B /* NYTimesUITests.swift */,
				18850CF32B4EE16300C6C93B /* NYTimesUITestsLaunchTests.swift */,
			);
			path = NYTimesUITests;
			sourceTree = "<group>";
		};
		18850D092B4EE33600C6C93B /* Core */ = {
			isa = PBXGroup;
			children = (
				18850D5C2B5075CF00C6C93B /* Mock */,
				18850D152B4EEA1200C6C93B /* ApplicationCore */,
				18850D112B4EE8ED00C6C93B /* Networking */,
				18850D0E2B4EE3AF00C6C93B /* Models */,
				18850D0B2B4EE34C00C6C93B /* DataSources */,
				18850D0A2B4EE33E00C6C93B /* Module */,
			);
			path = Core;
			sourceTree = "<group>";
		};
		18850D0A2B4EE33E00C6C93B /* Module */ = {
			isa = PBXGroup;
			children = (
				18850D342B4EF71500C6C93B /* Views */,
				18850D302B4EF5CB00C6C93B /* ViewModels */,
			);
			path = Module;
			sourceTree = "<group>";
		};
		18850D0B2B4EE34C00C6C93B /* DataSources */ = {
			isa = PBXGroup;
			children = (
				18850D0C2B4EE35D00C6C93B /* NYTimesService.swift */,
				18850D462B4F665100C6C93B /* NYTimesImageService.swift */,
			);
			path = DataSources;
			sourceTree = "<group>";
		};
		18850D0E2B4EE3AF00C6C93B /* Models */ = {
			isa = PBXGroup;
			children = (
				18850D0F2B4EE3B600C6C93B /* NYTimesDM.swift */,
				18850D6D2B50800C00C6C93B /* NYTimesDM+Preview.swift */,
				18850D3E2B4F5D4500C6C93B /* NYTimesUIM.swift */,
			);
			path = Models;
			sourceTree = "<group>";
		};
		18850D112B4EE8ED00C6C93B /* Networking */ = {
			isa = PBXGroup;
			children = (
				18850D1C2B4EEB6500C6C93B /* Configuration */,
				18850D192B4EEAD000C6C93B /* NYTimes */,
			);
			path = Networking;
			sourceTree = "<group>";
		};
		18850D122B4EE8F600C6C93B /* Endpoints */ = {
			isa = PBXGroup;
			children = (
				18850D132B4EE90B00C6C93B /* NYTimesEndpoint.swift */,
				18850D4A2B4F674400C6C93B /* AssetsEndpoint.swift */,
			);
			path = Endpoints;
			sourceTree = "<group>";
		};
		18850D152B4EEA1200C6C93B /* ApplicationCore */ = {
			isa = PBXGroup;
			children = (
				18850D162B4EEA1F00C6C93B /* Environments.swift */,
			);
			path = ApplicationCore;
			sourceTree = "<group>";
		};
		18850D182B4EEACA00C6C93B /* Host */ = {
			isa = PBXGroup;
			children = (
				18850D1A2B4EEADF00C6C93B /* NYTimesHost.swift */,
			);
			path = Host;
			sourceTree = "<group>";
		};
		18850D192B4EEAD000C6C93B /* NYTimes */ = {
			isa = PBXGroup;
			children = (
				18850D182B4EEACA00C6C93B /* Host */,
				18850D122B4EE8F600C6C93B /* Endpoints */,
			);
			path = NYTimes;
			sourceTree = "<group>";
		};
		18850D1C2B4EEB6500C6C93B /* Configuration */ = {
			isa = PBXGroup;
			children = (
				18850D1D2B4EEB7400C6C93B /* NYTimesConfiguration.swift */,
			);
			path = Configuration;
			sourceTree = "<group>";
		};
		18850D232B4EF32C00C6C93B /* Application */ = {
			isa = PBXGroup;
			children = (
				18850D372B4EF91100C6C93B /* Factory */,
				18850D252B4EF34B00C6C93B /* DataSources */,
				18850D242B4EF34500C6C93B /* Modules */,
			);
			path = Application;
			sourceTree = "<group>";
		};
		18850D242B4EF34500C6C93B /* Modules */ = {
			isa = PBXGroup;
			children = (
				18850D292B4EF48E00C6C93B /* Detail */,
				18850D282B4EF48600C6C93B /* List */,
			);
			path = Modules;
			sourceTree = "<group>";
		};
		18850D252B4EF34B00C6C93B /* DataSources */ = {
			isa = PBXGroup;
			children = (
				18850D262B4EF35E00C6C93B /* NYTimesDataSources.swift */,
				18850D482B4F668B00C6C93B /* NYTimesImageDataSource.swift */,
			);
			path = DataSources;
			sourceTree = "<group>";
		};
		18850D282B4EF48600C6C93B /* List */ = {
			isa = PBXGroup;
			children = (
				18850D2A2B4EF49B00C6C93B /* NYTListView.swift */,
				18850D782B5097ED00C6C93B /* NYTArticleView.swift */,
				18850D2E2B4EF4AE00C6C93B /* NYTListViewModel.swift */,
			);
			path = List;
			sourceTree = "<group>";
		};
		18850D292B4EF48E00C6C93B /* Detail */ = {
			isa = PBXGroup;
			children = (
				18850D802B509EBD00C6C93B /* Views */,
				18850D3C2B4EFABE00C6C93B /* NYTDetailViewModel.swift */,
			);
			path = Detail;
			sourceTree = "<group>";
		};
		18850D302B4EF5CB00C6C93B /* ViewModels */ = {
			isa = PBXGroup;
			children = (
				18850D1F2B4EF24100C6C93B /* NYTListViewModeling.swift */,
				18850D212B4EF24900C6C93B /* NYTDetailViewModeling.swift */,
			);
			path = ViewModels;
			sourceTree = "<group>";
		};
		18850D342B4EF71500C6C93B /* Views */ = {
			isa = PBXGroup;
			children = (
				18850D2C2B4EF4A500C6C93B /* NYTModule.swift */,
				18850D712B50973500C6C93B /* Previewer.swift */,
			);
			path = Views;
			sourceTree = "<group>";
		};
		18850D372B4EF91100C6C93B /* Factory */ = {
			isa = PBXGroup;
			children = (
				18850D382B4EF91700C6C93B /* ViewFactory.swift */,
				18850D3A2B4EFA3D00C6C93B /* Dependencies.swift */,
			);
			path = Factory;
			sourceTree = "<group>";
		};
		18850D402B4F654900C6C93B /* Reusables */ = {
			isa = PBXGroup;
			children = (
				18850D502B4F68DF00C6C93B /* Animated */,
				18850D412B4F654900C6C93B /* RemoteImage */,
			);
			path = Reusables;
			sourceTree = "<group>";
		};
		18850D412B4F654900C6C93B /* RemoteImage */ = {
			isa = PBXGroup;
			children = (
				18850D422B4F654900C6C93B /* RemoteImageView.swift */,
				18850D432B4F654900C6C93B /* RemoteImageViewModel.swift */,
			);
			path = RemoteImage;
			sourceTree = "<group>";
		};
		18850D4D2B4F67C100C6C93B /* Helpers */ = {
			isa = PBXGroup;
			children = (
				18850D4E2B4F67C700C6C93B /* Internet.swift */,
				18850D5A2B4F6C6F00C6C93B /* Lotties.swift */,
			);
			path = Helpers;
			sourceTree = "<group>";
		};
		18850D502B4F68DF00C6C93B /* Animated */ = {
			isa = PBXGroup;
			children = (
				18850D512B4F68E800C6C93B /* AnimatedView.swift */,
			);
			path = Animated;
			sourceTree = "<group>";
		};
		18850D562B4F69D000C6C93B /* Resource */ = {
			isa = PBXGroup;
			children = (
				18850D572B4F69D500C6C93B /* Animation */,
			);
			path = Resource;
			sourceTree = "<group>";
		};
		18850D572B4F69D500C6C93B /* Animation */ = {
			isa = PBXGroup;
			children = (
				18850D582B4F69E100C6C93B /* loading.json */,
			);
			path = Animation;
			sourceTree = "<group>";
		};
		18850D5C2B5075CF00C6C93B /* Mock */ = {
			isa = PBXGroup;
			children = (
				18850D5D2B5075D900C6C93B /* Mocks.swift */,
				18850D642B50762200C6C93B /* DataSource */,
				18850D5F2B5075F700C6C93B /* Modules */,
			);
			path = Mock;
			sourceTree = "<group>";
		};
		18850D5F2B5075F700C6C93B /* Modules */ = {
			isa = PBXGroup;
			children = (
				18850D602B50761100C6C93B /* NYTListViewModelMock.swift */,
				18850D622B50761E00C6C93B /* NYTDetailViewModelMock.swift */,
			);
			path = Modules;
			sourceTree = "<group>";
		};
		18850D642B50762200C6C93B /* DataSource */ = {
			isa = PBXGroup;
			children = (
				18850D652B50763200C6C93B /* NYTDataSourceMock.swift */,
				18850D672B50768E00C6C93B /* NYTImageDataSourceMock.swift */,
			);
			path = DataSource;
			sourceTree = "<group>";
		};
		18850D6F2B50967E00C6C93B /* Base */ = {
			isa = PBXGroup;
			children = (
				18850D6B2B507D3100C6C93B /* NYTBaseTests.swift */,
			);
			path = Base;
			sourceTree = "<group>";
		};
		18850D702B50968700C6C93B /* UnitTests */ = {
			isa = PBXGroup;
			children = (
				18850D692B507B9200C6C93B /* NYTimesListViewModelTests.swift */,
			);
			path = UnitTests;
			sourceTree = "<group>";
		};
		18850D802B509EBD00C6C93B /* Views */ = {
			isa = PBXGroup;
			children = (
				18850D352B4EF7A200C6C93B /* DetailView.swift */,
				18850D7A2B509E9400C6C93B /* InformationRow.swift */,
				18850D7C2B509E9A00C6C93B /* MediaView.swift */,
				18850D812B509EF700C6C93B /* ArticleDetailView.swift */,
				18850D7E2B509EA100C6C93B /* MediaMetaDataView.swift */,
			);
			path = Views;
			sourceTree = "<group>";
		};
		18850D832B50A0C000C6C93B /* SnapshotsTests */ = {
			isa = PBXGroup;
			children = (
				18850D992B50A97900C6C93B /* __Snapshots__ */,
				18850D842B50A0CA00C6C93B /* AppSnapshotTests.swift */,
				18850D882B50A0E100C6C93B /* DetailSnapshotTests.swift */,
				18850D8A2B50A0EA00C6C93B /* ArticleSnapshotTests.swift */,
				18850D8C2B50A10100C6C93B /* ArticleDetailSnapshotTests.swift */,
				18850D8E2B50A10A00C6C93B /* MediaSnapshotTests.swift */,
				18850D902B50A11A00C6C93B /* MediaMetadataSnapshotTests.swift */,
				18850D862B50A0D400C6C93B /* ListSnapshotTests.swift */,
				18850D972B50A25600C6C93B /* Previewer+Snapshots.swift */,
			);
			path = SnapshotsTests;
			sourceTree = "<group>";
		};
		18850D992B50A97900C6C93B /* __Snapshots__ */ = {
			isa = PBXGroup;
			children = (
				18850D9A2B50A97900C6C93B /* MediaSnapshotTests */,
				18850D9C2B50A97900C6C93B /* ArticleSnapshotTests */,
				18850D9E2B50A97900C6C93B /* ArticleDetailSnapshotTests */,
				18850DA02B50A97900C6C93B /* AppSnapshotTests */,
				18850DA42B50A97900C6C93B /* DetailSnapshotTests */,
				18850DA62B50A97900C6C93B /* ListSnapshotTests */,
				18850DAA2B50A97900C6C93B /* MediaMetadataSnapshotTests */,
			);
			path = __Snapshots__;
			sourceTree = "<group>";
		};
		18850D9A2B50A97900C6C93B /* MediaSnapshotTests */ = {
			isa = PBXGroup;
			children = (
				18850D9B2B50A97900C6C93B /* testSnapshots.Preview.png */,
			);
			path = MediaSnapshotTests;
			sourceTree = "<group>";
		};
		18850D9C2B50A97900C6C93B /* ArticleSnapshotTests */ = {
			isa = PBXGroup;
			children = (
				18850D9D2B50A97900C6C93B /* testSnapshots.Preview.png */,
			);
			path = ArticleSnapshotTests;
			sourceTree = "<group>";
		};
		18850D9E2B50A97900C6C93B /* ArticleDetailSnapshotTests */ = {
			isa = PBXGroup;
			children = (
				18850D9F2B50A97900C6C93B /* testSnapshots.Preview.png */,
			);
			path = ArticleDetailSnapshotTests;
			sourceTree = "<group>";
		};
		18850DA02B50A97900C6C93B /* AppSnapshotTests */ = {
			isa = PBXGroup;
			children = (
				18850DA12B50A97900C6C93B /* testSnapshots.Preview-App-with-Article.png */,
				18850DA22B50A97900C6C93B /* testSnapshots.Preview-App-while-Loading.png */,
				18850DA32B50A97900C6C93B /* testSnapshots.Preview-App-with-Error.png */,
			);
			path = AppSnapshotTests;
			sourceTree = "<group>";
		};
		18850DA42B50A97900C6C93B /* DetailSnapshotTests */ = {
			isa = PBXGroup;
			children = (
				18850DA52B50A97900C6C93B /* testSnapshots.Preview.png */,
			);
			path = DetailSnapshotTests;
			sourceTree = "<group>";
		};
		18850DA62B50A97900C6C93B /* ListSnapshotTests */ = {
			isa = PBXGroup;
			children = (
				18850DA72B50A97900C6C93B /* testSnapshots.Preview-Error.png */,
				18850DA82B50A97900C6C93B /* testSnapshots.Preview-Loading.png */,
				18850DA92B50A97900C6C93B /* testSnapshots.Preview-Article.png */,
			);
			path = ListSnapshotTests;
			sourceTree = "<group>";
		};
		18850DAA2B50A97900C6C93B /* MediaMetadataSnapshotTests */ = {
			isa = PBXGroup;
			children = (
				18850DAB2B50A97900C6C93B /* testSnapshots.Preview.png */,
			);
			path = MediaMetadataSnapshotTests;
			sourceTree = "<group>";
		};
/* End PBXGroup section */

/* Begin PBXNativeTarget section */
		18850CD22B4EE16100C6C93B /* NYTimes */ = {
			isa = PBXNativeTarget;
			buildConfigurationList = 18850CF72B4EE16300C6C93B /* Build configuration list for PBXNativeTarget "NYTimes" */;
			buildPhases = (
				18850CCF2B4EE16100C6C93B /* Sources */,
				18850CD02B4EE16100C6C93B /* Frameworks */,
				18850CD12B4EE16100C6C93B /* Resources */,
			);
			buildRules = (
			);
			dependencies = (
			);
			name = NYTimes;
			packageProductDependencies = (
				18850D012B4EE32C00C6C93B /* Debugger */,
				18850D032B4EE32C00C6C93B /* DebuggerUI */,
				18850D052B4EE32C00C6C93B /* Network */,
				18850D072B4EE32C00C6C93B /* core_architecture */,
				18850D542B4F691700C6C93B /* Lottie */,
			);
			productName = NYTimes;
			productReference = 18850CD32B4EE16100C6C93B /* NYTimes.app */;
			productType = "com.apple.product-type.application";
		};
		18850CE22B4EE16300C6C93B /* NYTimesTests */ = {
			isa = PBXNativeTarget;
			buildConfigurationList = 18850CFA2B4EE16300C6C93B /* Build configuration list for PBXNativeTarget "NYTimesTests" */;
			buildPhases = (
				18850CDF2B4EE16300C6C93B /* Sources */,
				18850CE02B4EE16300C6C93B /* Frameworks */,
				18850CE12B4EE16300C6C93B /* Resources */,
			);
			buildRules = (
			);
			dependencies = (
				18850CE52B4EE16300C6C93B /* PBXTargetDependency */,
			);
			name = NYTimesTests;
			packageProductDependencies = (
				18850D932B50A1A300C6C93B /* InlineSnapshotTesting */,
				18850D952B50A1A300C6C93B /* SnapshotTesting */,
			);
			productName = NYTimesTests;
			productReference = 18850CE32B4EE16300C6C93B /* NYTimesTests.xctest */;
			productType = "com.apple.product-type.bundle.unit-test";
		};
		18850CEC2B4EE16300C6C93B /* NYTimesUITests */ = {
			isa = PBXNativeTarget;
			buildConfigurationList = 18850CFD2B4EE16300C6C93B /* Build configuration list for PBXNativeTarget "NYTimesUITests" */;
			buildPhases = (
				18850CE92B4EE16300C6C93B /* Sources */,
				18850CEA2B4EE16300C6C93B /* Frameworks */,
				18850CEB2B4EE16300C6C93B /* Resources */,
			);
			buildRules = (
			);
			dependencies = (
				18850CEF2B4EE16300C6C93B /* PBXTargetDependency */,
			);
			name = NYTimesUITests;
			productName = NYTimesUITests;
			productReference = 18850CED2B4EE16300C6C93B /* NYTimesUITests.xctest */;
			productType = "com.apple.product-type.bundle.ui-testing";
		};
/* End PBXNativeTarget section */

/* Begin PBXProject section */
		18850CCB2B4EE16100C6C93B /* Project object */ = {
			isa = PBXProject;
			attributes = {
				BuildIndependentTargetsInParallel = 1;
				LastSwiftUpdateCheck = 1420;
				LastUpgradeCheck = 1420;
				TargetAttributes = {
					18850CD22B4EE16100C6C93B = {
						CreatedOnToolsVersion = 14.2;
					};
					18850CE22B4EE16300C6C93B = {
						CreatedOnToolsVersion = 14.2;
						TestTargetID = 18850CD22B4EE16100C6C93B;
					};
					18850CEC2B4EE16300C6C93B = {
						CreatedOnToolsVersion = 14.2;
						TestTargetID = 18850CD22B4EE16100C6C93B;
					};
				};
			};
			buildConfigurationList = 18850CCE2B4EE16100C6C93B /* Build configuration list for PBXProject "NYTimes" */;
			compatibilityVersion = "Xcode 14.0";
			developmentRegion = en;
			hasScannedForEncodings = 0;
			knownRegions = (
				en,
				Base,
			);
			mainGroup = 18850CCA2B4EE16100C6C93B;
			packageReferences = (
				18850D002B4EE32C00C6C93B /* XCRemoteSwiftPackageReference "core_architecture" */,
				18850D532B4F691700C6C93B /* XCRemoteSwiftPackageReference "lottie-ios" */,
				18850D922B50A1A300C6C93B /* XCRemoteSwiftPackageReference "swift-snapshot-testing" */,
			);
			productRefGroup = 18850CD42B4EE16100C6C93B /* Products */;
			projectDirPath = "";
			projectRoot = "";
			targets = (
				18850CD22B4EE16100C6C93B /* NYTimes */,
				18850CE22B4EE16300C6C93B /* NYTimesTests */,
				18850CEC2B4EE16300C6C93B /* NYTimesUITests */,
			);
		};
/* End PBXProject section */

/* Begin PBXResourcesBuildPhase section */
		18850CD12B4EE16100C6C93B /* Resources */ = {
			isa = PBXResourcesBuildPhase;
			buildActionMask = 2147483647;
			files = (
				18850CDE2B4EE16300C6C93B /* Preview Assets.xcassets in Resources */,
				18850CDB2B4EE16300C6C93B /* Assets.xcassets in Resources */,
				18850D592B4F69E100C6C93B /* loading.json in Resources */,
			);
			runOnlyForDeploymentPostprocessing = 0;
		};
		18850CE12B4EE16300C6C93B /* Resources */ = {
			isa = PBXResourcesBuildPhase;
			buildActionMask = 2147483647;
			files = (
				18850DB02B50A97900C6C93B /* testSnapshots.Preview-App-while-Loading.png in Resources */,
				18850DAF2B50A97900C6C93B /* testSnapshots.Preview-App-with-Article.png in Resources */,
				18850DB52B50A97900C6C93B /* testSnapshots.Preview-Article.png in Resources */,
				18850DAC2B50A97900C6C93B /* testSnapshots.Preview.png in Resources */,
				18850DAD2B50A97900C6C93B /* testSnapshots.Preview.png in Resources */,
				18850DB32B50A97900C6C93B /* testSnapshots.Preview-Error.png in Resources */,
				18850DB12B50A97900C6C93B /* testSnapshots.Preview-App-with-Error.png in Resources */,
				18850DB62B50A97900C6C93B /* testSnapshots.Preview.png in Resources */,
				18850DB22B50A97900C6C93B /* testSnapshots.Preview.png in Resources */,
				18850DB42B50A97900C6C93B /* testSnapshots.Preview-Loading.png in Resources */,
				18850DAE2B50A97900C6C93B /* testSnapshots.Preview.png in Resources */,
			);
			runOnlyForDeploymentPostprocessing = 0;
		};
		18850CEB2B4EE16300C6C93B /* Resources */ = {
			isa = PBXResourcesBuildPhase;
			buildActionMask = 2147483647;
			files = (
			);
			runOnlyForDeploymentPostprocessing = 0;
		};
/* End PBXResourcesBuildPhase section */

/* Begin PBXSourcesBuildPhase section */
		18850CCF2B4EE16100C6C93B /* Sources */ = {
			isa = PBXSourcesBuildPhase;
			buildActionMask = 2147483647;
			files = (
				18850D612B50761100C6C93B /* NYTListViewModelMock.swift in Sources */,
				18850D142B4EE90B00C6C93B /* NYTimesEndpoint.swift in Sources */,
				18850D0D2B4EE35D00C6C93B /* NYTimesService.swift in Sources */,
				18850D452B4F654900C6C93B /* RemoteImageViewModel.swift in Sources */,
				18850D792B5097ED00C6C93B /* NYTArticleView.swift in Sources */,
				18850D7B2B509E9400C6C93B /* InformationRow.swift in Sources */,
				18850D522B4F68E800C6C93B /* AnimatedView.swift in Sources */,
				18850D202B4EF24100C6C93B /* NYTListViewModeling.swift in Sources */,
				18850D3D2B4EFABE00C6C93B /* NYTDetailViewModel.swift in Sources */,
				18850D722B50973500C6C93B /* Previewer.swift in Sources */,
				18850D632B50761E00C6C93B /* NYTDetailViewModelMock.swift in Sources */,
				18850D3B2B4EFA3D00C6C93B /* Dependencies.swift in Sources */,
				18850D102B4EE3B600C6C93B /* NYTimesDM.swift in Sources */,
				18850D682B50768E00C6C93B /* NYTImageDataSourceMock.swift in Sources */,
				18850D2D2B4EF4A500C6C93B /* NYTModule.swift in Sources */,
				18850D172B4EEA1F00C6C93B /* Environments.swift in Sources */,
				18850D6E2B50800C00C6C93B /* NYTimesDM+Preview.swift in Sources */,
				18850CD92B4EE16100C6C93B /* NYTimesAppView.swift in Sources */,
				18850D5E2B5075D900C6C93B /* Mocks.swift in Sources */,
				18850D2B2B4EF49B00C6C93B /* NYTListView.swift in Sources */,
				18850D4B2B4F674400C6C93B /* AssetsEndpoint.swift in Sources */,
				18850CD72B4EE16100C6C93B /* NYTimesApp.swift in Sources */,
				18850D7D2B509E9A00C6C93B /* MediaView.swift in Sources */,
				18850D1E2B4EEB7400C6C93B /* NYTimesConfiguration.swift in Sources */,
				18850D7F2B509EA100C6C93B /* MediaMetaDataView.swift in Sources */,
				18850D472B4F665100C6C93B /* NYTimesImageService.swift in Sources */,
				18850D3F2B4F5D4500C6C93B /* NYTimesUIM.swift in Sources */,
				18850D822B509EF700C6C93B /* ArticleDetailView.swift in Sources */,
				18850D2F2B4EF4AE00C6C93B /* NYTListViewModel.swift in Sources */,
				18850D222B4EF24900C6C93B /* NYTDetailViewModeling.swift in Sources */,
				18850D1B2B4EEADF00C6C93B /* NYTimesHost.swift in Sources */,
				18850D4F2B4F67C700C6C93B /* Internet.swift in Sources */,
				18850D362B4EF7A200C6C93B /* DetailView.swift in Sources */,
				18850D662B50763200C6C93B /* NYTDataSourceMock.swift in Sources */,
				18850D272B4EF35E00C6C93B /* NYTimesDataSources.swift in Sources */,
				18850D442B4F654900C6C93B /* RemoteImageView.swift in Sources */,
				18850D392B4EF91700C6C93B /* ViewFactory.swift in Sources */,
				18850D5B2B4F6C6F00C6C93B /* Lotties.swift in Sources */,
				18850D492B4F668B00C6C93B /* NYTimesImageDataSource.swift in Sources */,
			);
			runOnlyForDeploymentPostprocessing = 0;
		};
		18850CDF2B4EE16300C6C93B /* Sources */ = {
			isa = PBXSourcesBuildPhase;
			buildActionMask = 2147483647;
			files = (
				18850D912B50A11A00C6C93B /* MediaMetadataSnapshotTests.swift in Sources */,
				18850D6A2B507B9200C6C93B /* NYTimesListViewModelTests.swift in Sources */,
				18850D8F2B50A10A00C6C93B /* MediaSnapshotTests.swift in Sources */,
				18850D8D2B50A10100C6C93B /* ArticleDetailSnapshotTests.swift in Sources */,
				18850D852B50A0CA00C6C93B /* AppSnapshotTests.swift in Sources */,
				18850D892B50A0E100C6C93B /* DetailSnapshotTests.swift in Sources */,
				18850D872B50A0D400C6C93B /* ListSnapshotTests.swift in Sources */,
				18850D6C2B507D3100C6C93B /* NYTBaseTests.swift in Sources */,
				18850D8B2B50A0EA00C6C93B /* ArticleSnapshotTests.swift in Sources */,
				18850D982B50A25600C6C93B /* Previewer+Snapshots.swift in Sources */,
			);
			runOnlyForDeploymentPostprocessing = 0;
		};
		18850CE92B4EE16300C6C93B /* Sources */ = {
			isa = PBXSourcesBuildPhase;
			buildActionMask = 2147483647;
			files = (
				18850CF42B4EE16300C6C93B /* NYTimesUITestsLaunchTests.swift in Sources */,
				18850CF22B4EE16300C6C93B /* NYTimesUITests.swift in Sources */,
			);
			runOnlyForDeploymentPostprocessing = 0;
		};
/* End PBXSourcesBuildPhase section */

/* Begin PBXTargetDependency section */
		18850CE52B4EE16300C6C93B /* PBXTargetDependency */ = {
			isa = PBXTargetDependency;
			target = 18850CD22B4EE16100C6C93B /* NYTimes */;
			targetProxy = 18850CE42B4EE16300C6C93B /* PBXContainerItemProxy */;
		};
		18850CEF2B4EE16300C6C93B /* PBXTargetDependency */ = {
			isa = PBXTargetDependency;
			target = 18850CD22B4EE16100C6C93B /* NYTimes */;
			targetProxy = 18850CEE2B4EE16300C6C93B /* PBXContainerItemProxy */;
		};
/* End PBXTargetDependency section */

/* Begin XCBuildConfiguration section */
		18850CF52B4EE16300C6C93B /* Debug */ = {
			isa = XCBuildConfiguration;
			buildSettings = {
				ALWAYS_SEARCH_USER_PATHS = NO;
				CLANG_ANALYZER_NONNULL = YES;
				CLANG_ANALYZER_NUMBER_OBJECT_CONVERSION = YES_AGGRESSIVE;
				CLANG_CXX_LANGUAGE_STANDARD = "gnu++20";
				CLANG_ENABLE_MODULES = YES;
				CLANG_ENABLE_OBJC_ARC = YES;
				CLANG_ENABLE_OBJC_WEAK = YES;
				CLANG_WARN_BLOCK_CAPTURE_AUTORELEASING = YES;
				CLANG_WARN_BOOL_CONVERSION = YES;
				CLANG_WARN_COMMA = YES;
				CLANG_WARN_CONSTANT_CONVERSION = YES;
				CLANG_WARN_DEPRECATED_OBJC_IMPLEMENTATIONS = YES;
				CLANG_WARN_DIRECT_OBJC_ISA_USAGE = YES_ERROR;
				CLANG_WARN_DOCUMENTATION_COMMENTS = YES;
				CLANG_WARN_EMPTY_BODY = YES;
				CLANG_WARN_ENUM_CONVERSION = YES;
				CLANG_WARN_INFINITE_RECURSION = YES;
				CLANG_WARN_INT_CONVERSION = YES;
				CLANG_WARN_NON_LITERAL_NULL_CONVERSION = YES;
				CLANG_WARN_OBJC_IMPLICIT_RETAIN_SELF = YES;
				CLANG_WARN_OBJC_LITERAL_CONVERSION = YES;
				CLANG_WARN_OBJC_ROOT_CLASS = YES_ERROR;
				CLANG_WARN_QUOTED_INCLUDE_IN_FRAMEWORK_HEADER = YES;
				CLANG_WARN_RANGE_LOOP_ANALYSIS = YES;
				CLANG_WARN_STRICT_PROTOTYPES = YES;
				CLANG_WARN_SUSPICIOUS_MOVE = YES;
				CLANG_WARN_UNGUARDED_AVAILABILITY = YES_AGGRESSIVE;
				CLANG_WARN_UNREACHABLE_CODE = YES;
				CLANG_WARN__DUPLICATE_METHOD_MATCH = YES;
				COPY_PHASE_STRIP = NO;
				DEBUG_INFORMATION_FORMAT = dwarf;
				ENABLE_STRICT_OBJC_MSGSEND = YES;
				ENABLE_TESTABILITY = YES;
				GCC_C_LANGUAGE_STANDARD = gnu11;
				GCC_DYNAMIC_NO_PIC = NO;
				GCC_NO_COMMON_BLOCKS = YES;
				GCC_OPTIMIZATION_LEVEL = 0;
				GCC_PREPROCESSOR_DEFINITIONS = (
					"DEBUG=1",
					"$(inherited)",
				);
				GCC_WARN_64_TO_32_BIT_CONVERSION = YES;
				GCC_WARN_ABOUT_RETURN_TYPE = YES_ERROR;
				GCC_WARN_UNDECLARED_SELECTOR = YES;
				GCC_WARN_UNINITIALIZED_AUTOS = YES_AGGRESSIVE;
				GCC_WARN_UNUSED_FUNCTION = YES;
				GCC_WARN_UNUSED_VARIABLE = YES;
				IPHONEOS_DEPLOYMENT_TARGET = 16.2;
				MTL_ENABLE_DEBUG_INFO = INCLUDE_SOURCE;
				MTL_FAST_MATH = YES;
				ONLY_ACTIVE_ARCH = YES;
				SDKROOT = iphoneos;
				SWIFT_ACTIVE_COMPILATION_CONDITIONS = DEBUG;
				SWIFT_OPTIMIZATION_LEVEL = "-Onone";
			};
			name = Debug;
		};
		18850CF62B4EE16300C6C93B /* Release */ = {
			isa = XCBuildConfiguration;
			buildSettings = {
				ALWAYS_SEARCH_USER_PATHS = NO;
				CLANG_ANALYZER_NONNULL = YES;
				CLANG_ANALYZER_NUMBER_OBJECT_CONVERSION = YES_AGGRESSIVE;
				CLANG_CXX_LANGUAGE_STANDARD = "gnu++20";
				CLANG_ENABLE_MODULES = YES;
				CLANG_ENABLE_OBJC_ARC = YES;
				CLANG_ENABLE_OBJC_WEAK = YES;
				CLANG_WARN_BLOCK_CAPTURE_AUTORELEASING = YES;
				CLANG_WARN_BOOL_CONVERSION = YES;
				CLANG_WARN_COMMA = YES;
				CLANG_WARN_CONSTANT_CONVERSION = YES;
				CLANG_WARN_DEPRECATED_OBJC_IMPLEMENTATIONS = YES;
				CLANG_WARN_DIRECT_OBJC_ISA_USAGE = YES_ERROR;
				CLANG_WARN_DOCUMENTATION_COMMENTS = YES;
				CLANG_WARN_EMPTY_BODY = YES;
				CLANG_WARN_ENUM_CONVERSION = YES;
				CLANG_WARN_INFINITE_RECURSION = YES;
				CLANG_WARN_INT_CONVERSION = YES;
				CLANG_WARN_NON_LITERAL_NULL_CONVERSION = YES;
				CLANG_WARN_OBJC_IMPLICIT_RETAIN_SELF = YES;
				CLANG_WARN_OBJC_LITERAL_CONVERSION = YES;
				CLANG_WARN_OBJC_ROOT_CLASS = YES_ERROR;
				CLANG_WARN_QUOTED_INCLUDE_IN_FRAMEWORK_HEADER = YES;
				CLANG_WARN_RANGE_LOOP_ANALYSIS = YES;
				CLANG_WARN_STRICT_PROTOTYPES = YES;
				CLANG_WARN_SUSPICIOUS_MOVE = YES;
				CLANG_WARN_UNGUARDED_AVAILABILITY = YES_AGGRESSIVE;
				CLANG_WARN_UNREACHABLE_CODE = YES;
				CLANG_WARN__DUPLICATE_METHOD_MATCH = YES;
				COPY_PHASE_STRIP = NO;
				DEBUG_INFORMATION_FORMAT = "dwarf-with-dsym";
				ENABLE_NS_ASSERTIONS = NO;
				ENABLE_STRICT_OBJC_MSGSEND = YES;
				GCC_C_LANGUAGE_STANDARD = gnu11;
				GCC_NO_COMMON_BLOCKS = YES;
				GCC_WARN_64_TO_32_BIT_CONVERSION = YES;
				GCC_WARN_ABOUT_RETURN_TYPE = YES_ERROR;
				GCC_WARN_UNDECLARED_SELECTOR = YES;
				GCC_WARN_UNINITIALIZED_AUTOS = YES_AGGRESSIVE;
				GCC_WARN_UNUSED_FUNCTION = YES;
				GCC_WARN_UNUSED_VARIABLE = YES;
				IPHONEOS_DEPLOYMENT_TARGET = 16.2;
				MTL_ENABLE_DEBUG_INFO = NO;
				MTL_FAST_MATH = YES;
				SDKROOT = iphoneos;
				SWIFT_COMPILATION_MODE = wholemodule;
				SWIFT_OPTIMIZATION_LEVEL = "-O";
				VALIDATE_PRODUCT = YES;
			};
			name = Release;
		};
		18850CF82B4EE16300C6C93B /* Debug */ = {
			isa = XCBuildConfiguration;
			buildSettings = {
				ASSETCATALOG_COMPILER_APPICON_NAME = AppIcon;
				ASSETCATALOG_COMPILER_GLOBAL_ACCENT_COLOR_NAME = AccentColor;
				CODE_SIGN_STYLE = Automatic;
				CURRENT_PROJECT_VERSION = 1;
				DEVELOPMENT_ASSET_PATHS = "\"NYTimes/Preview Content\"";
				ENABLE_PREVIEWS = YES;
				GENERATE_INFOPLIST_FILE = YES;
				INFOPLIST_KEY_UIApplicationSceneManifest_Generation = YES;
				INFOPLIST_KEY_UIApplicationSupportsIndirectInputEvents = YES;
				INFOPLIST_KEY_UILaunchScreen_Generation = YES;
				INFOPLIST_KEY_UISupportedInterfaceOrientations_iPad = "UIInterfaceOrientationPortrait UIInterfaceOrientationPortraitUpsideDown UIInterfaceOrientationLandscapeLeft UIInterfaceOrientationLandscapeRight";
				INFOPLIST_KEY_UISupportedInterfaceOrientations_iPhone = "UIInterfaceOrientationPortrait UIInterfaceOrientationLandscapeLeft UIInterfaceOrientationLandscapeRight";
				LD_RUNPATH_SEARCH_PATHS = (
					"$(inherited)",
					"@executable_path/Frameworks",
				);
				MARKETING_VERSION = 1.0;
				PRODUCT_BUNDLE_IDENTIFIER = com.app.NYTimes;
				PRODUCT_NAME = "$(TARGET_NAME)";
				SWIFT_EMIT_LOC_STRINGS = YES;
				SWIFT_VERSION = 5.0;
				TARGETED_DEVICE_FAMILY = "1,2";
			};
			name = Debug;
		};
		18850CF92B4EE16300C6C93B /* Release */ = {
			isa = XCBuildConfiguration;
			buildSettings = {
				ASSETCATALOG_COMPILER_APPICON_NAME = AppIcon;
				ASSETCATALOG_COMPILER_GLOBAL_ACCENT_COLOR_NAME = AccentColor;
				CODE_SIGN_STYLE = Automatic;
				CURRENT_PROJECT_VERSION = 1;
				DEVELOPMENT_ASSET_PATHS = "\"NYTimes/Preview Content\"";
				ENABLE_PREVIEWS = YES;
				GENERATE_INFOPLIST_FILE = YES;
				INFOPLIST_KEY_UIApplicationSceneManifest_Generation = YES;
				INFOPLIST_KEY_UIApplicationSupportsIndirectInputEvents = YES;
				INFOPLIST_KEY_UILaunchScreen_Generation = YES;
				INFOPLIST_KEY_UISupportedInterfaceOrientations_iPad = "UIInterfaceOrientationPortrait UIInterfaceOrientationPortraitUpsideDown UIInterfaceOrientationLandscapeLeft UIInterfaceOrientationLandscapeRight";
				INFOPLIST_KEY_UISupportedInterfaceOrientations_iPhone = "UIInterfaceOrientationPortrait UIInterfaceOrientationLandscapeLeft UIInterfaceOrientationLandscapeRight";
				LD_RUNPATH_SEARCH_PATHS = (
					"$(inherited)",
					"@executable_path/Frameworks",
				);
				MARKETING_VERSION = 1.0;
				PRODUCT_BUNDLE_IDENTIFIER = com.app.NYTimes;
				PRODUCT_NAME = "$(TARGET_NAME)";
				SWIFT_EMIT_LOC_STRINGS = YES;
				SWIFT_VERSION = 5.0;
				TARGETED_DEVICE_FAMILY = "1,2";
			};
			name = Release;
		};
		18850CFB2B4EE16300C6C93B /* Debug */ = {
			isa = XCBuildConfiguration;
			buildSettings = {
				ALWAYS_EMBED_SWIFT_STANDARD_LIBRARIES = YES;
				BUNDLE_LOADER = "$(TEST_HOST)";
				CODE_SIGN_STYLE = Automatic;
				CURRENT_PROJECT_VERSION = 1;
				GENERATE_INFOPLIST_FILE = YES;
				IPHONEOS_DEPLOYMENT_TARGET = 16.2;
				MARKETING_VERSION = 1.0;
				PRODUCT_BUNDLE_IDENTIFIER = com.app.NYTimesTests;
				PRODUCT_NAME = "$(TARGET_NAME)";
				SWIFT_EMIT_LOC_STRINGS = NO;
				SWIFT_VERSION = 5.0;
				TARGETED_DEVICE_FAMILY = "1,2";
				TEST_HOST = "$(BUILT_PRODUCTS_DIR)/NYTimes.app/$(BUNDLE_EXECUTABLE_FOLDER_PATH)/NYTimes";
			};
			name = Debug;
		};
		18850CFC2B4EE16300C6C93B /* Release */ = {
			isa = XCBuildConfiguration;
			buildSettings = {
				ALWAYS_EMBED_SWIFT_STANDARD_LIBRARIES = YES;
				BUNDLE_LOADER = "$(TEST_HOST)";
				CODE_SIGN_STYLE = Automatic;
				CURRENT_PROJECT_VERSION = 1;
				GENERATE_INFOPLIST_FILE = YES;
				IPHONEOS_DEPLOYMENT_TARGET = 16.2;
				MARKETING_VERSION = 1.0;
				PRODUCT_BUNDLE_IDENTIFIER = com.app.NYTimesTests;
				PRODUCT_NAME = "$(TARGET_NAME)";
				SWIFT_EMIT_LOC_STRINGS = NO;
				SWIFT_VERSION = 5.0;
				TARGETED_DEVICE_FAMILY = "1,2";
				TEST_HOST = "$(BUILT_PRODUCTS_DIR)/NYTimes.app/$(BUNDLE_EXECUTABLE_FOLDER_PATH)/NYTimes";
			};
			name = Release;
		};
		18850CFE2B4EE16300C6C93B /* Debug */ = {
			isa = XCBuildConfiguration;
			buildSettings = {
				ALWAYS_EMBED_SWIFT_STANDARD_LIBRARIES = YES;
				CODE_SIGN_STYLE = Automatic;
				CURRENT_PROJECT_VERSION = 1;
				GENERATE_INFOPLIST_FILE = YES;
				MARKETING_VERSION = 1.0;
				PRODUCT_BUNDLE_IDENTIFIER = com.app.NYTimesUITests;
				PRODUCT_NAME = "$(TARGET_NAME)";
				SWIFT_EMIT_LOC_STRINGS = NO;
				SWIFT_VERSION = 5.0;
				TARGETED_DEVICE_FAMILY = "1,2";
				TEST_TARGET_NAME = NYTimes;
			};
			name = Debug;
		};
		18850CFF2B4EE16300C6C93B /* Release */ = {
			isa = XCBuildConfiguration;
			buildSettings = {
				ALWAYS_EMBED_SWIFT_STANDARD_LIBRARIES = YES;
				CODE_SIGN_STYLE = Automatic;
				CURRENT_PROJECT_VERSION = 1;
				GENERATE_INFOPLIST_FILE = YES;
				MARKETING_VERSION = 1.0;
				PRODUCT_BUNDLE_IDENTIFIER = com.app.NYTimesUITests;
				PRODUCT_NAME = "$(TARGET_NAME)";
				SWIFT_EMIT_LOC_STRINGS = NO;
				SWIFT_VERSION = 5.0;
				TARGETED_DEVICE_FAMILY = "1,2";
				TEST_TARGET_NAME = NYTimes;
			};
			name = Release;
		};
/* End XCBuildConfiguration section */

/* Begin XCConfigurationList section */
		18850CCE2B4EE16100C6C93B /* Build configuration list for PBXProject "NYTimes" */ = {
			isa = XCConfigurationList;
			buildConfigurations = (
				18850CF52B4EE16300C6C93B /* Debug */,
				18850CF62B4EE16300C6C93B /* Release */,
			);
			defaultConfigurationIsVisible = 0;
			defaultConfigurationName = Release;
		};
		18850CF72B4EE16300C6C93B /* Build configuration list for PBXNativeTarget "NYTimes" */ = {
			isa = XCConfigurationList;
			buildConfigurations = (
				18850CF82B4EE16300C6C93B /* Debug */,
				18850CF92B4EE16300C6C93B /* Release */,
			);
			defaultConfigurationIsVisible = 0;
			defaultConfigurationName = Release;
		};
		18850CFA2B4EE16300C6C93B /* Build configuration list for PBXNativeTarget "NYTimesTests" */ = {
			isa = XCConfigurationList;
			buildConfigurations = (
				18850CFB2B4EE16300C6C93B /* Debug */,
				18850CFC2B4EE16300C6C93B /* Release */,
			);
			defaultConfigurationIsVisible = 0;
			defaultConfigurationName = Release;
		};
		18850CFD2B4EE16300C6C93B /* Build configuration list for PBXNativeTarget "NYTimesUITests" */ = {
			isa = XCConfigurationList;
			buildConfigurations = (
				18850CFE2B4EE16300C6C93B /* Debug */,
				18850CFF2B4EE16300C6C93B /* Release */,
			);
			defaultConfigurationIsVisible = 0;
			defaultConfigurationName = Release;
		};
/* End XCConfigurationList section */

/* Begin XCRemoteSwiftPackageReference section */
		18850D002B4EE32C00C6C93B /* XCRemoteSwiftPackageReference "core_architecture" */ = {
			isa = XCRemoteSwiftPackageReference;
			repositoryURL = "https://github.com/syedqamara/core_architecture.git";
			requirement = {
				branch = main;
				kind = branch;
			};
		};
		18850D532B4F691700C6C93B /* XCRemoteSwiftPackageReference "lottie-ios" */ = {
			isa = XCRemoteSwiftPackageReference;
			repositoryURL = "https://github.com/airbnb/lottie-ios";
			requirement = {
				branch = master;
				kind = branch;
			};
		};
		18850D922B50A1A300C6C93B /* XCRemoteSwiftPackageReference "swift-snapshot-testing" */ = {
			isa = XCRemoteSwiftPackageReference;
			repositoryURL = "https://github.com/pointfreeco/swift-snapshot-testing";
			requirement = {
				branch = main;
				kind = branch;
			};
		};
/* End XCRemoteSwiftPackageReference section */

/* Begin XCSwiftPackageProductDependency section */
		18850D012B4EE32C00C6C93B /* Debugger */ = {
			isa = XCSwiftPackageProductDependency;
			package = 18850D002B4EE32C00C6C93B /* XCRemoteSwiftPackageReference "core_architecture" */;
			productName = Debugger;
		};
		18850D032B4EE32C00C6C93B /* DebuggerUI */ = {
			isa = XCSwiftPackageProductDependency;
			package = 18850D002B4EE32C00C6C93B /* XCRemoteSwiftPackageReference "core_architecture" */;
			productName = DebuggerUI;
		};
		18850D052B4EE32C00C6C93B /* Network */ = {
			isa = XCSwiftPackageProductDependency;
			package = 18850D002B4EE32C00C6C93B /* XCRemoteSwiftPackageReference "core_architecture" */;
			productName = Network;
		};
		18850D072B4EE32C00C6C93B /* core_architecture */ = {
			isa = XCSwiftPackageProductDependency;
			package = 18850D002B4EE32C00C6C93B /* XCRemoteSwiftPackageReference "core_architecture" */;
			productName = core_architecture;
		};
		18850D542B4F691700C6C93B /* Lottie */ = {
			isa = XCSwiftPackageProductDependency;
			package = 18850D532B4F691700C6C93B /* XCRemoteSwiftPackageReference "lottie-ios" */;
			productName = Lottie;
		};
		18850D932B50A1A300C6C93B /* InlineSnapshotTesting */ = {
			isa = XCSwiftPackageProductDependency;
			package = 18850D922B50A1A300C6C93B /* XCRemoteSwiftPackageReference "swift-snapshot-testing" */;
			productName = InlineSnapshotTesting;
		};
		18850D952B50A1A300C6C93B /* SnapshotTesting */ = {
			isa = XCSwiftPackageProductDependency;
			package = 18850D922B50A1A300C6C93B /* XCRemoteSwiftPackageReference "swift-snapshot-testing" */;
			productName = SnapshotTesting;
		};
/* End XCSwiftPackageProductDependency section */
	};
	rootObject = 18850CCB2B4EE16100C6C93B /* Project object */;
}
